// !$*UTF8*$!
{
	archiveVersion = 1;
	classes = {
	};
	objectVersion = 56;
	objects = {

/* Begin PBXBuildFile section */
		FA3CDABF2B976887007DECF5 /* FavoritesModel.swift in Sources */ = {isa = PBXBuildFile; fileRef = FA3CDABE2B976887007DECF5 /* FavoritesModel.swift */; };
		FA3CDAC22B9BDD09007DECF5 /* TestingFile.swift in Sources */ = {isa = PBXBuildFile; fileRef = FA3CDAC12B9BDD09007DECF5 /* TestingFile.swift */; };
		FA3CDAC62B9E2F01007DECF5 /* WarframeListView.swift in Sources */ = {isa = PBXBuildFile; fileRef = FA3CDAC52B9E2F01007DECF5 /* WarframeListView.swift */; };
		FA3CDAC82B9E2F10007DECF5 /* WarframeView.swift in Sources */ = {isa = PBXBuildFile; fileRef = FA3CDAC72B9E2F10007DECF5 /* WarframeView.swift */; };
		FA3CDACB2B9E3C8F007DECF5 /* AlertsView.swift in Sources */ = {isa = PBXBuildFile; fileRef = FA3CDACA2B9E3C8F007DECF5 /* AlertsView.swift */; };
		FA3CDACD2BA0984D007DECF5 /* DashBoardView.swift in Sources */ = {isa = PBXBuildFile; fileRef = FA3CDACC2BA0984D007DECF5 /* DashBoardView.swift */; };
		FA3CDAD02BA0AD3F007DECF5 /* AlertToast in Frameworks */ = {isa = PBXBuildFile; productRef = FA3CDACF2BA0AD3F007DECF5 /* AlertToast */; };
		FA3CDAD32BA0B125007DECF5 /* Alerts.swift in Sources */ = {isa = PBXBuildFile; fileRef = FA3CDAD22BA0B125007DECF5 /* Alerts.swift */; };
		FA3CDAD52BA0B133007DECF5 /* Fortuna.swift in Sources */ = {isa = PBXBuildFile; fileRef = FA3CDAD42BA0B133007DECF5 /* Fortuna.swift */; };
		FA3CDAD72BA0B172007DECF5 /* CambionDrift.swift in Sources */ = {isa = PBXBuildFile; fileRef = FA3CDAD62BA0B172007DECF5 /* CambionDrift.swift */; };
		FA3CDAD92BA0B1C9007DECF5 /* Arbitration.swift in Sources */ = {isa = PBXBuildFile; fileRef = FA3CDAD82BA0B1C9007DECF5 /* Arbitration.swift */; };
		FA3CDADB2BA0C319007DECF5 /* ArbitrationView.swift in Sources */ = {isa = PBXBuildFile; fileRef = FA3CDADA2BA0C319007DECF5 /* ArbitrationView.swift */; };
		FA3CDADF2BA0C974007DECF5 /* URLExtenstion.swift in Sources */ = {isa = PBXBuildFile; fileRef = FA3CDADE2BA0C974007DECF5 /* URLExtenstion.swift */; };
		FA91479C2B7E7BF000244D88 /* Orokin_CollectiveApp.swift in Sources */ = {isa = PBXBuildFile; fileRef = FA91479B2B7E7BF000244D88 /* Orokin_CollectiveApp.swift */; };
		FA91479E2B7E7BF000244D88 /* ContentView.swift in Sources */ = {isa = PBXBuildFile; fileRef = FA91479D2B7E7BF000244D88 /* ContentView.swift */; };
		FA9147A02B7E7BF100244D88 /* Assets.xcassets in Resources */ = {isa = PBXBuildFile; fileRef = FA91479F2B7E7BF100244D88 /* Assets.xcassets */; };
		FA9147A32B7E7BF100244D88 /* Preview Assets.xcassets in Resources */ = {isa = PBXBuildFile; fileRef = FA9147A22B7E7BF100244D88 /* Preview Assets.xcassets */; };
		FA9147B02B893A5F00244D88 /* NetworkCall.swift in Sources */ = {isa = PBXBuildFile; fileRef = FA9147AF2B893A5F00244D88 /* NetworkCall.swift */; };
		FA9147B22B8941B600244D88 /* Weapons.swift in Sources */ = {isa = PBXBuildFile; fileRef = FA9147B12B8941B600244D88 /* Weapons.swift */; };
		FA9147B62B894F4A00244D88 /* WeaponView.swift in Sources */ = {isa = PBXBuildFile; fileRef = FA9147B52B894F4A00244D88 /* WeaponView.swift */; };
		FA9147B92B8964B600244D88 /* weaponsViewModel.swift in Sources */ = {isa = PBXBuildFile; fileRef = FA9147B82B8964B600244D88 /* weaponsViewModel.swift */; };
		FA9147BC2B89697900244D88 /* WeaponsListView.swift in Sources */ = {isa = PBXBuildFile; fileRef = FA9147BB2B89697900244D88 /* WeaponsListView.swift */; };
		FA9147BE2B8AA36C00244D88 /* Warframes.swift in Sources */ = {isa = PBXBuildFile; fileRef = FA9147BD2B8AA36C00244D88 /* Warframes.swift */; };
/* End PBXBuildFile section */

/* Begin PBXFileReference section */
		FA3CDABE2B976887007DECF5 /* FavoritesModel.swift */ = {isa = PBXFileReference; lastKnownFileType = sourcecode.swift; path = FavoritesModel.swift; sourceTree = "<group>"; };
		FA3CDAC12B9BDD09007DECF5 /* TestingFile.swift */ = {isa = PBXFileReference; lastKnownFileType = sourcecode.swift; path = TestingFile.swift; sourceTree = "<group>"; };
		FA3CDAC52B9E2F01007DECF5 /* WarframeListView.swift */ = {isa = PBXFileReference; lastKnownFileType = sourcecode.swift; path = WarframeListView.swift; sourceTree = "<group>"; };
		FA3CDAC72B9E2F10007DECF5 /* WarframeView.swift */ = {isa = PBXFileReference; lastKnownFileType = sourcecode.swift; path = WarframeView.swift; sourceTree = "<group>"; };
		FA3CDACA2B9E3C8F007DECF5 /* AlertsView.swift */ = {isa = PBXFileReference; lastKnownFileType = sourcecode.swift; path = AlertsView.swift; sourceTree = "<group>"; };
		FA3CDACC2BA0984D007DECF5 /* DashBoardView.swift */ = {isa = PBXFileReference; lastKnownFileType = sourcecode.swift; path = DashBoardView.swift; sourceTree = "<group>"; };
		FA3CDAD22BA0B125007DECF5 /* Alerts.swift */ = {isa = PBXFileReference; lastKnownFileType = sourcecode.swift; path = Alerts.swift; sourceTree = "<group>"; };
		FA3CDAD42BA0B133007DECF5 /* Fortuna.swift */ = {isa = PBXFileReference; lastKnownFileType = sourcecode.swift; path = Fortuna.swift; sourceTree = "<group>"; };
		FA3CDAD62BA0B172007DECF5 /* CambionDrift.swift */ = {isa = PBXFileReference; lastKnownFileType = sourcecode.swift; path = CambionDrift.swift; sourceTree = "<group>"; };
		FA3CDAD82BA0B1C9007DECF5 /* Arbitration.swift */ = {isa = PBXFileReference; lastKnownFileType = sourcecode.swift; path = Arbitration.swift; sourceTree = "<group>"; };
		FA3CDADA2BA0C319007DECF5 /* ArbitrationView.swift */ = {isa = PBXFileReference; lastKnownFileType = sourcecode.swift; path = ArbitrationView.swift; sourceTree = "<group>"; };
		FA3CDADE2BA0C974007DECF5 /* URLExtenstion.swift */ = {isa = PBXFileReference; lastKnownFileType = sourcecode.swift; path = URLExtenstion.swift; sourceTree = "<group>"; };
		FA9147982B7E7BF000244D88 /* Orokin Collective.app */ = {isa = PBXFileReference; explicitFileType = wrapper.application; includeInIndex = 0; path = "Orokin Collective.app"; sourceTree = BUILT_PRODUCTS_DIR; };
		FA91479B2B7E7BF000244D88 /* Orokin_CollectiveApp.swift */ = {isa = PBXFileReference; lastKnownFileType = sourcecode.swift; path = Orokin_CollectiveApp.swift; sourceTree = "<group>"; };
		FA91479D2B7E7BF000244D88 /* ContentView.swift */ = {isa = PBXFileReference; lastKnownFileType = sourcecode.swift; path = ContentView.swift; sourceTree = "<group>"; };
		FA91479F2B7E7BF100244D88 /* Assets.xcassets */ = {isa = PBXFileReference; lastKnownFileType = folder.assetcatalog; path = Assets.xcassets; sourceTree = "<group>"; };
		FA9147A22B7E7BF100244D88 /* Preview Assets.xcassets */ = {isa = PBXFileReference; lastKnownFileType = folder.assetcatalog; path = "Preview Assets.xcassets"; sourceTree = "<group>"; };
		FA9147AE2B826ACE00244D88 /* Orokin-Collective-Info.plist */ = {isa = PBXFileReference; lastKnownFileType = text.plist; path = "Orokin-Collective-Info.plist"; sourceTree = SOURCE_ROOT; };
		FA9147AF2B893A5F00244D88 /* NetworkCall.swift */ = {isa = PBXFileReference; lastKnownFileType = sourcecode.swift; path = NetworkCall.swift; sourceTree = "<group>"; };
		FA9147B12B8941B600244D88 /* Weapons.swift */ = {isa = PBXFileReference; lastKnownFileType = sourcecode.swift; path = Weapons.swift; sourceTree = "<group>"; };
		FA9147B52B894F4A00244D88 /* WeaponView.swift */ = {isa = PBXFileReference; lastKnownFileType = sourcecode.swift; path = WeaponView.swift; sourceTree = "<group>"; };
		FA9147B82B8964B600244D88 /* weaponsViewModel.swift */ = {isa = PBXFileReference; lastKnownFileType = sourcecode.swift; path = weaponsViewModel.swift; sourceTree = "<group>"; };
		FA9147BB2B89697900244D88 /* WeaponsListView.swift */ = {isa = PBXFileReference; lastKnownFileType = sourcecode.swift; path = WeaponsListView.swift; sourceTree = "<group>"; };
		FA9147BD2B8AA36C00244D88 /* Warframes.swift */ = {isa = PBXFileReference; lastKnownFileType = sourcecode.swift; path = Warframes.swift; sourceTree = "<group>"; };
/* End PBXFileReference section */

/* Begin PBXFrameworksBuildPhase section */
		FA9147952B7E7BF000244D88 /* Frameworks */ = {
			isa = PBXFrameworksBuildPhase;
			buildActionMask = 2147483647;
			files = (
				FA3CDAD02BA0AD3F007DECF5 /* AlertToast in Frameworks */,
			);
			runOnlyForDeploymentPostprocessing = 0;
		};
/* End PBXFrameworksBuildPhase section */

/* Begin PBXGroup section */
		FA3CDAC02B9BDCF9007DECF5 /* Tests */ = {
			isa = PBXGroup;
			children = (
				FA3CDAC12B9BDD09007DECF5 /* TestingFile.swift */,
			);
			path = Tests;
			sourceTree = "<group>";
		};
		FA3CDAC32B9E2EE6007DECF5 /* Weapons */ = {
			isa = PBXGroup;
			children = (
				FA9147BB2B89697900244D88 /* WeaponsListView.swift */,
				FA9147B52B894F4A00244D88 /* WeaponView.swift */,
			);
			path = Weapons;
			sourceTree = "<group>";
		};
		FA3CDAC42B9E2EF5007DECF5 /* Warframes */ = {
			isa = PBXGroup;
			children = (
				FA3CDAC52B9E2F01007DECF5 /* WarframeListView.swift */,
				FA3CDAC72B9E2F10007DECF5 /* WarframeView.swift */,
			);
			path = Warframes;
			sourceTree = "<group>";
		};
		FA3CDAC92B9E3C84007DECF5 /* Alerts */ = {
			isa = PBXGroup;
			children = (
				FA3CDACA2B9E3C8F007DECF5 /* AlertsView.swift */,
				FA3CDADA2BA0C319007DECF5 /* ArbitrationView.swift */,
			);
			path = Alerts;
			sourceTree = "<group>";
		};
		FA3CDAD12BA0B11A007DECF5 /* WorldState */ = {
			isa = PBXGroup;
			children = (
				FA3CDAD22BA0B125007DECF5 /* Alerts.swift */,
				FA3CDAD42BA0B133007DECF5 /* Fortuna.swift */,
				FA3CDAD62BA0B172007DECF5 /* CambionDrift.swift */,
				FA3CDAD82BA0B1C9007DECF5 /* Arbitration.swift */,
			);
			path = WorldState;
			sourceTree = "<group>";
		};
		FA3CDADC2BA0C947007DECF5 /* Extenstions */ = {
			isa = PBXGroup;
			children = (
				FA3CDADE2BA0C974007DECF5 /* URLExtenstion.swift */,
			);
			path = Extenstions;
			sourceTree = "<group>";
		};
		FA3CDADD2BA0C954007DECF5 /* Services */ = {
			isa = PBXGroup;
			children = (
			);
			path = Services;
			sourceTree = "<group>";
		};
		FA91478F2B7E7BF000244D88 = {
			isa = PBXGroup;
			children = (
				FA91479A2B7E7BF000244D88 /* Orokin Collective */,
				FA9147992B7E7BF000244D88 /* Products */,
			);
			sourceTree = "<group>";
		};
		FA9147992B7E7BF000244D88 /* Products */ = {
			isa = PBXGroup;
			children = (
				FA9147982B7E7BF000244D88 /* Orokin Collective.app */,
			);
			name = Products;
			sourceTree = "<group>";
		};
		FA91479A2B7E7BF000244D88 /* Orokin Collective */ = {
			isa = PBXGroup;
			children = (
				FA3CDADD2BA0C954007DECF5 /* Services */,
				FA3CDADC2BA0C947007DECF5 /* Extenstions */,
				FA3CDAC02B9BDCF9007DECF5 /* Tests */,
				FA9147B72B89649800244D88 /* viewModels */,
				FA9147B42B894F2B00244D88 /* Views */,
				FA9147AE2B826ACE00244D88 /* Orokin-Collective-Info.plist */,
				FA9147A92B7E9A8300244D88 /* Models */,
				FA91479B2B7E7BF000244D88 /* Orokin_CollectiveApp.swift */,
				FA91479D2B7E7BF000244D88 /* ContentView.swift */,
				FA91479F2B7E7BF100244D88 /* Assets.xcassets */,
				FA9147A12B7E7BF100244D88 /* Preview Content */,
				FA9147AF2B893A5F00244D88 /* NetworkCall.swift */,
			);
			path = "Orokin Collective";
			sourceTree = "<group>";
		};
		FA9147A12B7E7BF100244D88 /* Preview Content */ = {
			isa = PBXGroup;
			children = (
				FA9147A22B7E7BF100244D88 /* Preview Assets.xcassets */,
			);
			path = "Preview Content";
			sourceTree = "<group>";
		};
		FA9147A92B7E9A8300244D88 /* Models */ = {
			isa = PBXGroup;
			children = (
				FA3CDAD12BA0B11A007DECF5 /* WorldState */,
				FA9147B12B8941B600244D88 /* Weapons.swift */,
				FA9147BD2B8AA36C00244D88 /* Warframes.swift */,
				FA3CDABE2B976887007DECF5 /* FavoritesModel.swift */,
			);
			path = Models;
			sourceTree = "<group>";
		};
		FA9147B42B894F2B00244D88 /* Views */ = {
			isa = PBXGroup;
			children = (
				FA3CDAC92B9E3C84007DECF5 /* Alerts */,
				FA3CDAC42B9E2EF5007DECF5 /* Warframes */,
				FA3CDAC32B9E2EE6007DECF5 /* Weapons */,
				FA3CDACC2BA0984D007DECF5 /* DashBoardView.swift */,
			);
			path = Views;
			sourceTree = "<group>";
		};
		FA9147B72B89649800244D88 /* viewModels */ = {
			isa = PBXGroup;
			children = (
				FA9147B82B8964B600244D88 /* weaponsViewModel.swift */,
			);
			path = viewModels;
			sourceTree = "<group>";
		};
/* End PBXGroup section */

/* Begin PBXNativeTarget section */
		FA9147972B7E7BF000244D88 /* Orokin Collective */ = {
			isa = PBXNativeTarget;
			buildConfigurationList = FA9147A62B7E7BF100244D88 /* Build configuration list for PBXNativeTarget "Orokin Collective" */;
			buildPhases = (
				FA9147942B7E7BF000244D88 /* Sources */,
				FA9147952B7E7BF000244D88 /* Frameworks */,
				FA9147962B7E7BF000244D88 /* Resources */,
			);
			buildRules = (
			);
			dependencies = (
			);
			name = "Orokin Collective";
			packageProductDependencies = (
				FA3CDACF2BA0AD3F007DECF5 /* AlertToast */,
			);
			productName = "Orokin Collective";
			productReference = FA9147982B7E7BF000244D88 /* Orokin Collective.app */;
			productType = "com.apple.product-type.application";
		};
/* End PBXNativeTarget section */

/* Begin PBXProject section */
		FA9147902B7E7BF000244D88 /* Project object */ = {
			isa = PBXProject;
			attributes = {
				BuildIndependentTargetsInParallel = 1;
				LastSwiftUpdateCheck = 1520;
				LastUpgradeCheck = 1520;
				TargetAttributes = {
					FA9147972B7E7BF000244D88 = {
						CreatedOnToolsVersion = 15.2;
					};
				};
			};
			buildConfigurationList = FA9147932B7E7BF000244D88 /* Build configuration list for PBXProject "Orokin Collective" */;
			compatibilityVersion = "Xcode 14.0";
			developmentRegion = en;
			hasScannedForEncodings = 0;
			knownRegions = (
				en,
				Base,
			);
			mainGroup = FA91478F2B7E7BF000244D88;
			packageReferences = (
				FA3CDACE2BA0AD3F007DECF5 /* XCRemoteSwiftPackageReference "AlertToast" */,
			);
			productRefGroup = FA9147992B7E7BF000244D88 /* Products */;
			projectDirPath = "";
			projectRoot = "";
			targets = (
				FA9147972B7E7BF000244D88 /* Orokin Collective */,
			);
		};
/* End PBXProject section */

/* Begin PBXResourcesBuildPhase section */
		FA9147962B7E7BF000244D88 /* Resources */ = {
			isa = PBXResourcesBuildPhase;
			buildActionMask = 2147483647;
			files = (
				FA9147A32B7E7BF100244D88 /* Preview Assets.xcassets in Resources */,
				FA9147A02B7E7BF100244D88 /* Assets.xcassets in Resources */,
			);
			runOnlyForDeploymentPostprocessing = 0;
		};
/* End PBXResourcesBuildPhase section */

/* Begin PBXSourcesBuildPhase section */
		FA9147942B7E7BF000244D88 /* Sources */ = {
			isa = PBXSourcesBuildPhase;
			buildActionMask = 2147483647;
			files = (
				FA3CDAC22B9BDD09007DECF5 /* TestingFile.swift in Sources */,
				FA3CDAD32BA0B125007DECF5 /* Alerts.swift in Sources */,
				FA9147B62B894F4A00244D88 /* WeaponView.swift in Sources */,
				FA3CDAD92BA0B1C9007DECF5 /* Arbitration.swift in Sources */,
				FA9147B92B8964B600244D88 /* weaponsViewModel.swift in Sources */,
				FA3CDACD2BA0984D007DECF5 /* DashBoardView.swift in Sources */,
				FA9147BE2B8AA36C00244D88 /* Warframes.swift in Sources */,
				FA91479E2B7E7BF000244D88 /* ContentView.swift in Sources */,
				FA3CDAD72BA0B172007DECF5 /* CambionDrift.swift in Sources */,
				FA3CDAD52BA0B133007DECF5 /* Fortuna.swift in Sources */,
				FA3CDADF2BA0C974007DECF5 /* URLExtenstion.swift in Sources */,
				FA3CDADB2BA0C319007DECF5 /* ArbitrationView.swift in Sources */,
				FA9147B22B8941B600244D88 /* Weapons.swift in Sources */,
				FA3CDACB2B9E3C8F007DECF5 /* AlertsView.swift in Sources */,
				FA3CDABF2B976887007DECF5 /* FavoritesModel.swift in Sources */,
				FA9147BC2B89697900244D88 /* WeaponsListView.swift in Sources */,
				FA91479C2B7E7BF000244D88 /* Orokin_CollectiveApp.swift in Sources */,
				FA3CDAC82B9E2F10007DECF5 /* WarframeView.swift in Sources */,
				FA3CDAC62B9E2F01007DECF5 /* WarframeListView.swift in Sources */,
				FA9147B02B893A5F00244D88 /* NetworkCall.swift in Sources */,
			);
			runOnlyForDeploymentPostprocessing = 0;
		};
/* End PBXSourcesBuildPhase section */

/* Begin XCBuildConfiguration section */
		FA9147A42B7E7BF100244D88 /* Debug */ = {
			isa = XCBuildConfiguration;
			buildSettings = {
				ALWAYS_SEARCH_USER_PATHS = NO;
				ASSETCATALOG_COMPILER_GENERATE_SWIFT_ASSET_SYMBOL_EXTENSIONS = YES;
				CLANG_ANALYZER_NONNULL = YES;
				CLANG_ANALYZER_NUMBER_OBJECT_CONVERSION = YES_AGGRESSIVE;
				CLANG_CXX_LANGUAGE_STANDARD = "gnu++20";
				CLANG_ENABLE_MODULES = YES;
				CLANG_ENABLE_OBJC_ARC = YES;
				CLANG_ENABLE_OBJC_WEAK = YES;
				CLANG_WARN_BLOCK_CAPTURE_AUTORELEASING = YES;
				CLANG_WARN_BOOL_CONVERSION = YES;
				CLANG_WARN_COMMA = YES;
				CLANG_WARN_CONSTANT_CONVERSION = YES;
				CLANG_WARN_DEPRECATED_OBJC_IMPLEMENTATIONS = YES;
				CLANG_WARN_DIRECT_OBJC_ISA_USAGE = YES_ERROR;
				CLANG_WARN_DOCUMENTATION_COMMENTS = YES;
				CLANG_WARN_EMPTY_BODY = YES;
				CLANG_WARN_ENUM_CONVERSION = YES;
				CLANG_WARN_INFINITE_RECURSION = YES;
				CLANG_WARN_INT_CONVERSION = YES;
				CLANG_WARN_NON_LITERAL_NULL_CONVERSION = YES;
				CLANG_WARN_OBJC_IMPLICIT_RETAIN_SELF = YES;
				CLANG_WARN_OBJC_LITERAL_CONVERSION = YES;
				CLANG_WARN_OBJC_ROOT_CLASS = YES_ERROR;
				CLANG_WARN_QUOTED_INCLUDE_IN_FRAMEWORK_HEADER = YES;
				CLANG_WARN_RANGE_LOOP_ANALYSIS = YES;
				CLANG_WARN_STRICT_PROTOTYPES = YES;
				CLANG_WARN_SUSPICIOUS_MOVE = YES;
				CLANG_WARN_UNGUARDED_AVAILABILITY = YES_AGGRESSIVE;
				CLANG_WARN_UNREACHABLE_CODE = YES;
				CLANG_WARN__DUPLICATE_METHOD_MATCH = YES;
				COPY_PHASE_STRIP = NO;
				DEBUG_INFORMATION_FORMAT = dwarf;
				ENABLE_STRICT_OBJC_MSGSEND = YES;
				ENABLE_TESTABILITY = YES;
				ENABLE_USER_SCRIPT_SANDBOXING = YES;
				GCC_C_LANGUAGE_STANDARD = gnu17;
				GCC_DYNAMIC_NO_PIC = NO;
				GCC_NO_COMMON_BLOCKS = YES;
				GCC_OPTIMIZATION_LEVEL = 0;
				GCC_PREPROCESSOR_DEFINITIONS = (
					"DEBUG=1",
					"$(inherited)",
				);
				GCC_WARN_64_TO_32_BIT_CONVERSION = YES;
				GCC_WARN_ABOUT_RETURN_TYPE = YES_ERROR;
				GCC_WARN_UNDECLARED_SELECTOR = YES;
				GCC_WARN_UNINITIALIZED_AUTOS = YES_AGGRESSIVE;
				GCC_WARN_UNUSED_FUNCTION = YES;
				GCC_WARN_UNUSED_VARIABLE = YES;
				IPHONEOS_DEPLOYMENT_TARGET = 17.2;
				LOCALIZATION_PREFERS_STRING_CATALOGS = YES;
				MTL_ENABLE_DEBUG_INFO = INCLUDE_SOURCE;
				MTL_FAST_MATH = YES;
				ONLY_ACTIVE_ARCH = YES;
				SDKROOT = iphoneos;
				SWIFT_ACTIVE_COMPILATION_CONDITIONS = "DEBUG $(inherited)";
				SWIFT_OPTIMIZATION_LEVEL = "-Onone";
			};
			name = Debug;
		};
		FA9147A52B7E7BF100244D88 /* Release */ = {
			isa = XCBuildConfiguration;
			buildSettings = {
				ALWAYS_SEARCH_USER_PATHS = NO;
				ASSETCATALOG_COMPILER_GENERATE_SWIFT_ASSET_SYMBOL_EXTENSIONS = YES;
				CLANG_ANALYZER_NONNULL = YES;
				CLANG_ANALYZER_NUMBER_OBJECT_CONVERSION = YES_AGGRESSIVE;
				CLANG_CXX_LANGUAGE_STANDARD = "gnu++20";
				CLANG_ENABLE_MODULES = YES;
				CLANG_ENABLE_OBJC_ARC = YES;
				CLANG_ENABLE_OBJC_WEAK = YES;
				CLANG_WARN_BLOCK_CAPTURE_AUTORELEASING = YES;
				CLANG_WARN_BOOL_CONVERSION = YES;
				CLANG_WARN_COMMA = YES;
				CLANG_WARN_CONSTANT_CONVERSION = YES;
				CLANG_WARN_DEPRECATED_OBJC_IMPLEMENTATIONS = YES;
				CLANG_WARN_DIRECT_OBJC_ISA_USAGE = YES_ERROR;
				CLANG_WARN_DOCUMENTATION_COMMENTS = YES;
				CLANG_WARN_EMPTY_BODY = YES;
				CLANG_WARN_ENUM_CONVERSION = YES;
				CLANG_WARN_INFINITE_RECURSION = YES;
				CLANG_WARN_INT_CONVERSION = YES;
				CLANG_WARN_NON_LITERAL_NULL_CONVERSION = YES;
				CLANG_WARN_OBJC_IMPLICIT_RETAIN_SELF = YES;
				CLANG_WARN_OBJC_LITERAL_CONVERSION = YES;
				CLANG_WARN_OBJC_ROOT_CLASS = YES_ERROR;
				CLANG_WARN_QUOTED_INCLUDE_IN_FRAMEWORK_HEADER = YES;
				CLANG_WARN_RANGE_LOOP_ANALYSIS = YES;
				CLANG_WARN_STRICT_PROTOTYPES = YES;
				CLANG_WARN_SUSPICIOUS_MOVE = YES;
				CLANG_WARN_UNGUARDED_AVAILABILITY = YES_AGGRESSIVE;
				CLANG_WARN_UNREACHABLE_CODE = YES;
				CLANG_WARN__DUPLICATE_METHOD_MATCH = YES;
				COPY_PHASE_STRIP = NO;
				DEBUG_INFORMATION_FORMAT = "dwarf-with-dsym";
				ENABLE_NS_ASSERTIONS = NO;
				ENABLE_STRICT_OBJC_MSGSEND = YES;
				ENABLE_USER_SCRIPT_SANDBOXING = YES;
				GCC_C_LANGUAGE_STANDARD = gnu17;
				GCC_NO_COMMON_BLOCKS = YES;
				GCC_WARN_64_TO_32_BIT_CONVERSION = YES;
				GCC_WARN_ABOUT_RETURN_TYPE = YES_ERROR;
				GCC_WARN_UNDECLARED_SELECTOR = YES;
				GCC_WARN_UNINITIALIZED_AUTOS = YES_AGGRESSIVE;
				GCC_WARN_UNUSED_FUNCTION = YES;
				GCC_WARN_UNUSED_VARIABLE = YES;
				IPHONEOS_DEPLOYMENT_TARGET = 17.2;
				LOCALIZATION_PREFERS_STRING_CATALOGS = YES;
				MTL_ENABLE_DEBUG_INFO = NO;
				MTL_FAST_MATH = YES;
				SDKROOT = iphoneos;
				SWIFT_COMPILATION_MODE = wholemodule;
				VALIDATE_PRODUCT = YES;
			};
			name = Release;
		};
		FA9147A72B7E7BF100244D88 /* Debug */ = {
			isa = XCBuildConfiguration;
			buildSettings = {
				ASSETCATALOG_COMPILER_APPICON_NAME = AppIcon;
				ASSETCATALOG_COMPILER_GLOBAL_ACCENT_COLOR_NAME = AccentColor;
				CODE_SIGN_STYLE = Automatic;
				CURRENT_PROJECT_VERSION = 1;
				DEVELOPMENT_ASSET_PATHS = "\"Orokin Collective/Preview Content\"";
				DEVELOPMENT_TEAM = 488D86WNW2;
				ENABLE_PREVIEWS = YES;
				GENERATE_INFOPLIST_FILE = YES;
				INFOPLIST_FILE = "Orokin-Collective-Info.plist";
				INFOPLIST_KEY_UIApplicationSceneManifest_Generation = YES;
				INFOPLIST_KEY_UIApplicationSupportsIndirectInputEvents = YES;
				INFOPLIST_KEY_UILaunchScreen_Generation = YES;
				INFOPLIST_KEY_UISupportedInterfaceOrientations_iPad = "UIInterfaceOrientationPortrait UIInterfaceOrientationPortraitUpsideDown UIInterfaceOrientationLandscapeLeft UIInterfaceOrientationLandscapeRight";
				INFOPLIST_KEY_UISupportedInterfaceOrientations_iPhone = "UIInterfaceOrientationPortrait UIInterfaceOrientationLandscapeLeft UIInterfaceOrientationLandscapeRight";
				LD_RUNPATH_SEARCH_PATHS = (
					"$(inherited)",
					"@executable_path/Frameworks",
				);
				MARKETING_VERSION = 1.0;
				PRODUCT_BUNDLE_IDENTIFIER = "bradleeking.Orokin-Collective";
				PRODUCT_NAME = "$(TARGET_NAME)";
				SWIFT_EMIT_LOC_STRINGS = YES;
				SWIFT_VERSION = 5.0;
				TARGETED_DEVICE_FAMILY = "1,2";
			};
			name = Debug;
		};
		FA9147A82B7E7BF100244D88 /* Release */ = {
			isa = XCBuildConfiguration;
			buildSettings = {
				ASSETCATALOG_COMPILER_APPICON_NAME = AppIcon;
				ASSETCATALOG_COMPILER_GLOBAL_ACCENT_COLOR_NAME = AccentColor;
				CODE_SIGN_STYLE = Automatic;
				CURRENT_PROJECT_VERSION = 1;
				DEVELOPMENT_ASSET_PATHS = "\"Orokin Collective/Preview Content\"";
				DEVELOPMENT_TEAM = 488D86WNW2;
				ENABLE_PREVIEWS = YES;
				GENERATE_INFOPLIST_FILE = YES;
				INFOPLIST_FILE = "Orokin-Collective-Info.plist";
				INFOPLIST_KEY_UIApplicationSceneManifest_Generation = YES;
				INFOPLIST_KEY_UIApplicationSupportsIndirectInputEvents = YES;
				INFOPLIST_KEY_UILaunchScreen_Generation = YES;
				INFOPLIST_KEY_UISupportedInterfaceOrientations_iPad = "UIInterfaceOrientationPortrait UIInterfaceOrientationPortraitUpsideDown UIInterfaceOrientationLandscapeLeft UIInterfaceOrientationLandscapeRight";
				INFOPLIST_KEY_UISupportedInterfaceOrientations_iPhone = "UIInterfaceOrientationPortrait UIInterfaceOrientationLandscapeLeft UIInterfaceOrientationLandscapeRight";
				LD_RUNPATH_SEARCH_PATHS = (
					"$(inherited)",
					"@executable_path/Frameworks",
				);
				MARKETING_VERSION = 1.0;
				PRODUCT_BUNDLE_IDENTIFIER = "bradleeking.Orokin-Collective";
				PRODUCT_NAME = "$(TARGET_NAME)";
				SWIFT_EMIT_LOC_STRINGS = YES;
				SWIFT_VERSION = 5.0;
				TARGETED_DEVICE_FAMILY = "1,2";
			};
			name = Release;
		};
/* End XCBuildConfiguration section */

/* Begin XCConfigurationList section */
		FA9147932B7E7BF000244D88 /* Build configuration list for PBXProject "Orokin Collective" */ = {
			isa = XCConfigurationList;
			buildConfigurations = (
				FA9147A42B7E7BF100244D88 /* Debug */,
				FA9147A52B7E7BF100244D88 /* Release */,
			);
			defaultConfigurationIsVisible = 0;
			defaultConfigurationName = Release;
		};
		FA9147A62B7E7BF100244D88 /* Build configuration list for PBXNativeTarget "Orokin Collective" */ = {
			isa = XCConfigurationList;
			buildConfigurations = (
				FA9147A72B7E7BF100244D88 /* Debug */,
				FA9147A82B7E7BF100244D88 /* Release */,
			);
			defaultConfigurationIsVisible = 0;
			defaultConfigurationName = Release;
		};
/* End XCConfigurationList section */

/* Begin XCRemoteSwiftPackageReference section */
		FA3CDACE2BA0AD3F007DECF5 /* XCRemoteSwiftPackageReference "AlertToast" */ = {
			isa = XCRemoteSwiftPackageReference;
			repositoryURL = "https://github.com/elai950/AlertToast.git";
			requirement = {
				kind = upToNextMajorVersion;
				minimumVersion = 1.3.9;
			};
		};
/* End XCRemoteSwiftPackageReference section */

/* Begin XCSwiftPackageProductDependency section */
		FA3CDACF2BA0AD3F007DECF5 /* AlertToast */ = {
			isa = XCSwiftPackageProductDependency;
			package = FA3CDACE2BA0AD3F007DECF5 /* XCRemoteSwiftPackageReference "AlertToast" */;
			productName = AlertToast;
		};
/* End XCSwiftPackageProductDependency section */
	};
	rootObject = FA9147902B7E7BF000244D88 /* Project object */;
}
