// !$*UTF8*$!
{
	archiveVersion = 1;
	classes = {
	};
	objectVersion = 56;
	objects = {

/* Begin PBXBuildFile section */
		FA3CDABF2B976887007DECF5 /* FavoritesModel.swift in Sources */ = {isa = PBXBuildFile; fileRef = FA3CDABE2B976887007DECF5 /* FavoritesModel.swift */; };
		FA3CDAC22B9BDD09007DECF5 /* TestingFile.swift in Sources */ = {isa = PBXBuildFile; fileRef = FA3CDAC12B9BDD09007DECF5 /* TestingFile.swift */; };
		FA3CDAC62B9E2F01007DECF5 /* WarframeListView.swift in Sources */ = {isa = PBXBuildFile; fileRef = FA3CDAC52B9E2F01007DECF5 /* WarframeListView.swift */; };
		FA3CDAC82B9E2F10007DECF5 /* WarframeView.swift in Sources */ = {isa = PBXBuildFile; fileRef = FA3CDAC72B9E2F10007DECF5 /* WarframeView.swift */; };
		FA3CDACB2B9E3C8F007DECF5 /* AlertsView.swift in Sources */ = {isa = PBXBuildFile; fileRef = FA3CDACA2B9E3C8F007DECF5 /* AlertsView.swift */; };
		FA3CDACD2BA0984D007DECF5 /* DashBoardView.swift in Sources */ = {isa = PBXBuildFile; fileRef = FA3CDACC2BA0984D007DECF5 /* DashBoardView.swift */; };
		FA3CDAD02BA0AD3F007DECF5 /* AlertToast in Frameworks */ = {isa = PBXBuildFile; productRef = FA3CDACF2BA0AD3F007DECF5 /* AlertToast */; };
		FA3CDAD32BA0B125007DECF5 /* Alerts.swift in Sources */ = {isa = PBXBuildFile; fileRef = FA3CDAD22BA0B125007DECF5 /* Alerts.swift */; };
		FA3CDAD52BA0B133007DECF5 /* Fortuna.swift in Sources */ = {isa = PBXBuildFile; fileRef = FA3CDAD42BA0B133007DECF5 /* Fortuna.swift */; };
		FA3CDAD72BA0B172007DECF5 /* CambionDrift.swift in Sources */ = {isa = PBXBuildFile; fileRef = FA3CDAD62BA0B172007DECF5 /* CambionDrift.swift */; };
		FA3CDAD92BA0B1C9007DECF5 /* Arbitration.swift in Sources */ = {isa = PBXBuildFile; fileRef = FA3CDAD82BA0B1C9007DECF5 /* Arbitration.swift */; };
		FA3CDADB2BA0C319007DECF5 /* ArbitrationView.swift in Sources */ = {isa = PBXBuildFile; fileRef = FA3CDADA2BA0C319007DECF5 /* ArbitrationView.swift */; };
		FA3CDADF2BA0C974007DECF5 /* URLExtenstion.swift in Sources */ = {isa = PBXBuildFile; fileRef = FA3CDADE2BA0C974007DECF5 /* URLExtenstion.swift */; };
		FA3CDAE32BA2232E007DECF5 /* CetusCycle.swift in Sources */ = {isa = PBXBuildFile; fileRef = FA3CDAE22BA2232E007DECF5 /* CetusCycle.swift */; };
		FA3CDAEE2BA24843007DECF5 /* Fissures.swift in Sources */ = {isa = PBXBuildFile; fileRef = FA3CDAED2BA24843007DECF5 /* Fissures.swift */; };
		FA3CDAF02BA256A4007DECF5 /* CetusCycleView.swift in Sources */ = {isa = PBXBuildFile; fileRef = FA3CDAEF2BA256A4007DECF5 /* CetusCycleView.swift */; };
		FA3CDAF22BA25FBD007DECF5 /* OrbVallisCycleView.swift in Sources */ = {isa = PBXBuildFile; fileRef = FA3CDAF12BA25FBD007DECF5 /* OrbVallisCycleView.swift */; };
		FA3CDAF42BA26448007DECF5 /* CambionCycleView.swift in Sources */ = {isa = PBXBuildFile; fileRef = FA3CDAF32BA26448007DECF5 /* CambionCycleView.swift */; };
		FA894EC82BB5CD330050A840 /* NewsView.swift in Sources */ = {isa = PBXBuildFile; fileRef = FA894EC72BB5CD330050A840 /* NewsView.swift */; };
		FA894ECA2BB5CD3A0050A840 /* CodexView.swift in Sources */ = {isa = PBXBuildFile; fileRef = FA894EC92BB5CD3A0050A840 /* CodexView.swift */; };
		FA894ECC2BB5D5960050A840 /* Baro Ki'Teer View.swift in Sources */ = {isa = PBXBuildFile; fileRef = FA894ECB2BB5D5960050A840 /* Baro Ki'Teer View.swift */; };
		FA894EDD2BB609F60050A840 /* Void Trader.swift in Sources */ = {isa = PBXBuildFile; fileRef = FA894EDC2BB609F60050A840 /* Void Trader.swift */; };
		FA894EE02BB60A5D0050A840 /* Sortie.swift in Sources */ = {isa = PBXBuildFile; fileRef = FA894EDF2BB60A5D0050A840 /* Sortie.swift */; };
		FA894EE32BB60B890050A840 /* Steel Path.swift in Sources */ = {isa = PBXBuildFile; fileRef = FA894EE22BB60B890050A840 /* Steel Path.swift */; };
		FA894EE52BB60BB60050A840 /* JSONAnyService.swift in Sources */ = {isa = PBXBuildFile; fileRef = FA894EE42BB60BB60050A840 /* JSONAnyService.swift */; };
		FA894EE82BB60E260050A840 /* EarthCycle.swift in Sources */ = {isa = PBXBuildFile; fileRef = FA894EE72BB60E260050A840 /* EarthCycle.swift */; };
		FA894EF02BB88ECE0050A840 /* CountDownView.swift in Sources */ = {isa = PBXBuildFile; fileRef = FA894EEF2BB88ECE0050A840 /* CountDownView.swift */; };
		FA894EF32BB9E9870050A840 /* CustomTabBar.swift in Sources */ = {isa = PBXBuildFile; fileRef = FA894EF22BB9E9870050A840 /* CustomTabBar.swift */; };
		FA894EF52BB9F5850050A840 /* VoidTraderCountDownTimer.swift in Sources */ = {isa = PBXBuildFile; fileRef = FA894EF42BB9F5850050A840 /* VoidTraderCountDownTimer.swift */; };
		FA894EFB2BBA113A0050A840 /* SteelPathView.swift in Sources */ = {isa = PBXBuildFile; fileRef = FA894EFA2BBA113A0050A840 /* SteelPathView.swift */; };
		FA894EFD2BBA16220050A840 /* WorldState.swift in Sources */ = {isa = PBXBuildFile; fileRef = FA894EFC2BBA16220050A840 /* WorldState.swift */; };
		FA894EFF2BBB43FE0050A840 /* WorldStateCycles.swift in Sources */ = {isa = PBXBuildFile; fileRef = FA894EFE2BBB43FE0050A840 /* WorldStateCycles.swift */; };
		FA894F042BBB63DB0050A840 /* EventsView.swift in Sources */ = {isa = PBXBuildFile; fileRef = FA894F032BBB63DB0050A840 /* EventsView.swift */; };
		FA894F072BBC6DBD0050A840 /* ZarimanView.swift in Sources */ = {isa = PBXBuildFile; fileRef = FA894F062BBC6DBD0050A840 /* ZarimanView.swift */; };
		FA894F0A2BBC787D0050A840 /* DuviriView.swift in Sources */ = {isa = PBXBuildFile; fileRef = FA894F092BBC787D0050A840 /* DuviriView.swift */; };
		FA894F0C2BBC79C70050A840 /* EarthCycleView.swift in Sources */ = {isa = PBXBuildFile; fileRef = FA894F0B2BBC79C70050A840 /* EarthCycleView.swift */; };
		FA894F0F2BBC7ADD0050A840 /* ArchonHuntView.swift in Sources */ = {isa = PBXBuildFile; fileRef = FA894F0E2BBC7ADD0050A840 /* ArchonHuntView.swift */; };
		FA91479C2B7E7BF000244D88 /* Orokin_CollectiveApp.swift in Sources */ = {isa = PBXBuildFile; fileRef = FA91479B2B7E7BF000244D88 /* Orokin_CollectiveApp.swift */; };
		FA91479E2B7E7BF000244D88 /* ContentView.swift in Sources */ = {isa = PBXBuildFile; fileRef = FA91479D2B7E7BF000244D88 /* ContentView.swift */; };
		FA9147A02B7E7BF100244D88 /* Assets.xcassets in Resources */ = {isa = PBXBuildFile; fileRef = FA91479F2B7E7BF100244D88 /* Assets.xcassets */; };
		FA9147A32B7E7BF100244D88 /* Preview Assets.xcassets in Resources */ = {isa = PBXBuildFile; fileRef = FA9147A22B7E7BF100244D88 /* Preview Assets.xcassets */; };
		FA9147B02B893A5F00244D88 /* NetworkCall.swift in Sources */ = {isa = PBXBuildFile; fileRef = FA9147AF2B893A5F00244D88 /* NetworkCall.swift */; };
		FA9147B22B8941B600244D88 /* Weapons.swift in Sources */ = {isa = PBXBuildFile; fileRef = FA9147B12B8941B600244D88 /* Weapons.swift */; };
		FA9147B62B894F4A00244D88 /* WeaponView.swift in Sources */ = {isa = PBXBuildFile; fileRef = FA9147B52B894F4A00244D88 /* WeaponView.swift */; };
		FA9147BC2B89697900244D88 /* WeaponsListView.swift in Sources */ = {isa = PBXBuildFile; fileRef = FA9147BB2B89697900244D88 /* WeaponsListView.swift */; };
		FA9147BE2B8AA36C00244D88 /* Warframes.swift in Sources */ = {isa = PBXBuildFile; fileRef = FA9147BD2B8AA36C00244D88 /* Warframes.swift */; };
		FA996F142BB32BF9002918EC /* FissuresView.swift in Sources */ = {isa = PBXBuildFile; fileRef = FA996F132BB32BF9002918EC /* FissuresView.swift */; };
		FA996F192BB32C57002918EC /* SyndicatesView.swift in Sources */ = {isa = PBXBuildFile; fileRef = FA996F182BB32C57002918EC /* SyndicatesView.swift */; };
		FA996F1B2BB32C68002918EC /* InvasionsView.swift in Sources */ = {isa = PBXBuildFile; fileRef = FA996F1A2BB32C68002918EC /* InvasionsView.swift */; };
		FA996F1E2BB32DE2002918EC /* TimersView.swift in Sources */ = {isa = PBXBuildFile; fileRef = FA996F1D2BB32DE2002918EC /* TimersView.swift */; };
		FA99AA3F2BC0A9CE000C46F3 /* TimeRemainingTimer(Days)View.swift in Sources */ = {isa = PBXBuildFile; fileRef = FA99AA3E2BC0A9CE000C46F3 /* TimeRemainingTimer(Days)View.swift */; };
/* End PBXBuildFile section */

/* Begin PBXFileReference section */
		FA3CDABE2B976887007DECF5 /* FavoritesModel.swift */ = {isa = PBXFileReference; lastKnownFileType = sourcecode.swift; path = FavoritesModel.swift; sourceTree = "<group>"; };
		FA3CDAC12B9BDD09007DECF5 /* TestingFile.swift */ = {isa = PBXFileReference; lastKnownFileType = sourcecode.swift; path = TestingFile.swift; sourceTree = "<group>"; };
		FA3CDAC52B9E2F01007DECF5 /* WarframeListView.swift */ = {isa = PBXFileReference; lastKnownFileType = sourcecode.swift; path = WarframeListView.swift; sourceTree = "<group>"; };
		FA3CDAC72B9E2F10007DECF5 /* WarframeView.swift */ = {isa = PBXFileReference; lastKnownFileType = sourcecode.swift; path = WarframeView.swift; sourceTree = "<group>"; };
		FA3CDACA2B9E3C8F007DECF5 /* AlertsView.swift */ = {isa = PBXFileReference; lastKnownFileType = sourcecode.swift; path = AlertsView.swift; sourceTree = "<group>"; };
		FA3CDACC2BA0984D007DECF5 /* DashBoardView.swift */ = {isa = PBXFileReference; lastKnownFileType = sourcecode.swift; path = DashBoardView.swift; sourceTree = "<group>"; };
		FA3CDAD22BA0B125007DECF5 /* Alerts.swift */ = {isa = PBXFileReference; lastKnownFileType = sourcecode.swift; path = Alerts.swift; sourceTree = "<group>"; };
		FA3CDAD42BA0B133007DECF5 /* Fortuna.swift */ = {isa = PBXFileReference; lastKnownFileType = sourcecode.swift; path = Fortuna.swift; sourceTree = "<group>"; };
		FA3CDAD62BA0B172007DECF5 /* CambionDrift.swift */ = {isa = PBXFileReference; lastKnownFileType = sourcecode.swift; path = CambionDrift.swift; sourceTree = "<group>"; };
		FA3CDAD82BA0B1C9007DECF5 /* Arbitration.swift */ = {isa = PBXFileReference; lastKnownFileType = sourcecode.swift; path = Arbitration.swift; sourceTree = "<group>"; };
		FA3CDADA2BA0C319007DECF5 /* ArbitrationView.swift */ = {isa = PBXFileReference; lastKnownFileType = sourcecode.swift; path = ArbitrationView.swift; sourceTree = "<group>"; };
		FA3CDADE2BA0C974007DECF5 /* URLExtenstion.swift */ = {isa = PBXFileReference; lastKnownFileType = sourcecode.swift; path = URLExtenstion.swift; sourceTree = "<group>"; };
		FA3CDAE22BA2232E007DECF5 /* CetusCycle.swift */ = {isa = PBXFileReference; lastKnownFileType = sourcecode.swift; path = CetusCycle.swift; sourceTree = "<group>"; };
		FA3CDAED2BA24843007DECF5 /* Fissures.swift */ = {isa = PBXFileReference; lastKnownFileType = sourcecode.swift; path = Fissures.swift; sourceTree = "<group>"; };
		FA3CDAEF2BA256A4007DECF5 /* CetusCycleView.swift */ = {isa = PBXFileReference; lastKnownFileType = sourcecode.swift; path = CetusCycleView.swift; sourceTree = "<group>"; };
		FA3CDAF12BA25FBD007DECF5 /* OrbVallisCycleView.swift */ = {isa = PBXFileReference; lastKnownFileType = sourcecode.swift; path = OrbVallisCycleView.swift; sourceTree = "<group>"; };
		FA3CDAF32BA26448007DECF5 /* CambionCycleView.swift */ = {isa = PBXFileReference; lastKnownFileType = sourcecode.swift; path = CambionCycleView.swift; sourceTree = "<group>"; };
		FA894EC72BB5CD330050A840 /* NewsView.swift */ = {isa = PBXFileReference; lastKnownFileType = sourcecode.swift; path = NewsView.swift; sourceTree = "<group>"; };
		FA894EC92BB5CD3A0050A840 /* CodexView.swift */ = {isa = PBXFileReference; lastKnownFileType = sourcecode.swift; path = CodexView.swift; sourceTree = "<group>"; };
		FA894ECB2BB5D5960050A840 /* Baro Ki'Teer View.swift */ = {isa = PBXFileReference; lastKnownFileType = sourcecode.swift; path = "Baro Ki'Teer View.swift"; sourceTree = "<group>"; };
		FA894EDC2BB609F60050A840 /* Void Trader.swift */ = {isa = PBXFileReference; lastKnownFileType = sourcecode.swift; path = "Void Trader.swift"; sourceTree = "<group>"; };
		FA894EDF2BB60A5D0050A840 /* Sortie.swift */ = {isa = PBXFileReference; lastKnownFileType = sourcecode.swift; path = Sortie.swift; sourceTree = "<group>"; };
		FA894EE22BB60B890050A840 /* Steel Path.swift */ = {isa = PBXFileReference; lastKnownFileType = sourcecode.swift; path = "Steel Path.swift"; sourceTree = "<group>"; };
		FA894EE42BB60BB60050A840 /* JSONAnyService.swift */ = {isa = PBXFileReference; lastKnownFileType = sourcecode.swift; path = JSONAnyService.swift; sourceTree = "<group>"; };
		FA894EE72BB60E260050A840 /* EarthCycle.swift */ = {isa = PBXFileReference; lastKnownFileType = sourcecode.swift; path = EarthCycle.swift; sourceTree = "<group>"; };
		FA894EEF2BB88ECE0050A840 /* CountDownView.swift */ = {isa = PBXFileReference; lastKnownFileType = sourcecode.swift; path = CountDownView.swift; sourceTree = "<group>"; };
		FA894EF22BB9E9870050A840 /* CustomTabBar.swift */ = {isa = PBXFileReference; lastKnownFileType = sourcecode.swift; path = CustomTabBar.swift; sourceTree = "<group>"; };
		FA894EF42BB9F5850050A840 /* VoidTraderCountDownTimer.swift */ = {isa = PBXFileReference; lastKnownFileType = sourcecode.swift; path = VoidTraderCountDownTimer.swift; sourceTree = "<group>"; };
		FA894EFA2BBA113A0050A840 /* SteelPathView.swift */ = {isa = PBXFileReference; lastKnownFileType = sourcecode.swift; path = SteelPathView.swift; sourceTree = "<group>"; };
		FA894EFC2BBA16220050A840 /* WorldState.swift */ = {isa = PBXFileReference; lastKnownFileType = sourcecode.swift; path = WorldState.swift; sourceTree = "<group>"; };
		FA894EFE2BBB43FE0050A840 /* WorldStateCycles.swift */ = {isa = PBXFileReference; lastKnownFileType = sourcecode.swift; path = WorldStateCycles.swift; sourceTree = "<group>"; };
		FA894F032BBB63DB0050A840 /* EventsView.swift */ = {isa = PBXFileReference; lastKnownFileType = sourcecode.swift; path = EventsView.swift; sourceTree = "<group>"; };
		FA894F062BBC6DBD0050A840 /* ZarimanView.swift */ = {isa = PBXFileReference; lastKnownFileType = sourcecode.swift; path = ZarimanView.swift; sourceTree = "<group>"; };
		FA894F092BBC787D0050A840 /* DuviriView.swift */ = {isa = PBXFileReference; lastKnownFileType = sourcecode.swift; path = DuviriView.swift; sourceTree = "<group>"; };
		FA894F0B2BBC79C70050A840 /* EarthCycleView.swift */ = {isa = PBXFileReference; lastKnownFileType = sourcecode.swift; path = EarthCycleView.swift; sourceTree = "<group>"; };
		FA894F0E2BBC7ADD0050A840 /* ArchonHuntView.swift */ = {isa = PBXFileReference; lastKnownFileType = sourcecode.swift; path = ArchonHuntView.swift; sourceTree = "<group>"; };
		FA9147982B7E7BF000244D88 /* Orokin Collective.app */ = {isa = PBXFileReference; explicitFileType = wrapper.application; includeInIndex = 0; path = "Orokin Collective.app"; sourceTree = BUILT_PRODUCTS_DIR; };
		FA91479B2B7E7BF000244D88 /* Orokin_CollectiveApp.swift */ = {isa = PBXFileReference; lastKnownFileType = sourcecode.swift; path = Orokin_CollectiveApp.swift; sourceTree = "<group>"; };
		FA91479D2B7E7BF000244D88 /* ContentView.swift */ = {isa = PBXFileReference; lastKnownFileType = sourcecode.swift; path = ContentView.swift; sourceTree = "<group>"; };
		FA91479F2B7E7BF100244D88 /* Assets.xcassets */ = {isa = PBXFileReference; lastKnownFileType = folder.assetcatalog; path = Assets.xcassets; sourceTree = "<group>"; };
		FA9147A22B7E7BF100244D88 /* Preview Assets.xcassets */ = {isa = PBXFileReference; lastKnownFileType = folder.assetcatalog; path = "Preview Assets.xcassets"; sourceTree = "<group>"; };
		FA9147AE2B826ACE00244D88 /* Orokin-Collective-Info.plist */ = {isa = PBXFileReference; lastKnownFileType = text.plist; path = "Orokin-Collective-Info.plist"; sourceTree = SOURCE_ROOT; };
		FA9147AF2B893A5F00244D88 /* NetworkCall.swift */ = {isa = PBXFileReference; lastKnownFileType = sourcecode.swift; path = NetworkCall.swift; sourceTree = "<group>"; };
		FA9147B12B8941B600244D88 /* Weapons.swift */ = {isa = PBXFileReference; lastKnownFileType = sourcecode.swift; path = Weapons.swift; sourceTree = "<group>"; };
		FA9147B52B894F4A00244D88 /* WeaponView.swift */ = {isa = PBXFileReference; lastKnownFileType = sourcecode.swift; path = WeaponView.swift; sourceTree = "<group>"; };
		FA9147BB2B89697900244D88 /* WeaponsListView.swift */ = {isa = PBXFileReference; lastKnownFileType = sourcecode.swift; path = WeaponsListView.swift; sourceTree = "<group>"; };
		FA9147BD2B8AA36C00244D88 /* Warframes.swift */ = {isa = PBXFileReference; lastKnownFileType = sourcecode.swift; path = Warframes.swift; sourceTree = "<group>"; };
		FA996F132BB32BF9002918EC /* FissuresView.swift */ = {isa = PBXFileReference; lastKnownFileType = sourcecode.swift; path = FissuresView.swift; sourceTree = "<group>"; };
		FA996F182BB32C57002918EC /* SyndicatesView.swift */ = {isa = PBXFileReference; lastKnownFileType = sourcecode.swift; path = SyndicatesView.swift; sourceTree = "<group>"; };
		FA996F1A2BB32C68002918EC /* InvasionsView.swift */ = {isa = PBXFileReference; lastKnownFileType = sourcecode.swift; path = InvasionsView.swift; sourceTree = "<group>"; };
		FA996F1D2BB32DE2002918EC /* TimersView.swift */ = {isa = PBXFileReference; lastKnownFileType = sourcecode.swift; path = TimersView.swift; sourceTree = "<group>"; };
		FA99AA3E2BC0A9CE000C46F3 /* TimeRemainingTimer(Days)View.swift */ = {isa = PBXFileReference; lastKnownFileType = sourcecode.swift; path = "TimeRemainingTimer(Days)View.swift"; sourceTree = "<group>"; };
/* End PBXFileReference section */

/* Begin PBXFrameworksBuildPhase section */
		FA9147952B7E7BF000244D88 /* Frameworks */ = {
			isa = PBXFrameworksBuildPhase;
			buildActionMask = 2147483647;
			files = (
				FA3CDAD02BA0AD3F007DECF5 /* AlertToast in Frameworks */,
			);
			runOnlyForDeploymentPostprocessing = 0;
		};
/* End PBXFrameworksBuildPhase section */

/* Begin PBXGroup section */
		FA3CDAC02B9BDCF9007DECF5 /* Tests */ = {
			isa = PBXGroup;
			children = (
				FA3CDAC12B9BDD09007DECF5 /* TestingFile.swift */,
			);
			path = Tests;
			sourceTree = "<group>";
		};
		FA3CDAC32B9E2EE6007DECF5 /* Weapons */ = {
			isa = PBXGroup;
			children = (
				FA9147BB2B89697900244D88 /* WeaponsListView.swift */,
				FA9147B52B894F4A00244D88 /* WeaponView.swift */,
			);
			path = Weapons;
			sourceTree = "<group>";
		};
		FA3CDAC42B9E2EF5007DECF5 /* Warframes */ = {
			isa = PBXGroup;
			children = (
				FA3CDAC52B9E2F01007DECF5 /* WarframeListView.swift */,
				FA3CDAC72B9E2F10007DECF5 /* WarframeView.swift */,
			);
			path = Warframes;
			sourceTree = "<group>";
		};
		FA3CDADC2BA0C947007DECF5 /* Extenstions */ = {
			isa = PBXGroup;
			children = (
				FA3CDADE2BA0C974007DECF5 /* URLExtenstion.swift */,
			);
			path = Extenstions;
			sourceTree = "<group>";
		};
		FA3CDADD2BA0C954007DECF5 /* Services */ = {
			isa = PBXGroup;
			children = (
				FA9147AF2B893A5F00244D88 /* NetworkCall.swift */,
				FA894EE42BB60BB60050A840 /* JSONAnyService.swift */,
			);
			path = Services;
			sourceTree = "<group>";
		};
		FA3CDAE62BA22DAD007DECF5 /* WorldState */ = {
			isa = PBXGroup;
			children = (
				FA894F0D2BBC7ACE0050A840 /* ArchonHunt */,
				FA894F082BBC78710050A840 /* Duviri */,
				FA894F052BBC6DA80050A840 /* Zariman */,
				FA894F022BBB63C80050A840 /* Alerts */,
				FA894F012BBB63BE0050A840 /* Events */,
				FA894F002BBB5B3A0050A840 /* Arbitration */,
				FA894EF92BBA11230050A840 /* Earth Cycle */,
				FA894EF82BBA10FA0050A840 /* Void Trader */,
				FA894EF72BBA10EF0050A840 /* Sortie */,
				FA894EF62BBA10E90050A840 /* Steel Path */,
				FA3CDAE92BA22DE9007DECF5 /* Cambion Drift */,
				FA3CDAE82BA22DBD007DECF5 /* Orb Vallis */,
				FA3CDAE72BA22DB5007DECF5 /* Cetus */,
			);
			path = WorldState;
			sourceTree = "<group>";
		};
		FA3CDAE72BA22DB5007DECF5 /* Cetus */ = {
			isa = PBXGroup;
			children = (
				FA3CDAEF2BA256A4007DECF5 /* CetusCycleView.swift */,
			);
			path = Cetus;
			sourceTree = "<group>";
		};
		FA3CDAE82BA22DBD007DECF5 /* Orb Vallis */ = {
			isa = PBXGroup;
			children = (
				FA3CDAF12BA25FBD007DECF5 /* OrbVallisCycleView.swift */,
			);
			path = "Orb Vallis";
			sourceTree = "<group>";
		};
		FA3CDAE92BA22DE9007DECF5 /* Cambion Drift */ = {
			isa = PBXGroup;
			children = (
				FA3CDAF32BA26448007DECF5 /* CambionCycleView.swift */,
			);
			path = "Cambion Drift";
			sourceTree = "<group>";
		};
		FA894EC52BB5C6080050A840 /* News */ = {
			isa = PBXGroup;
			children = (
				FA894EC72BB5CD330050A840 /* NewsView.swift */,
			);
			path = News;
			sourceTree = "<group>";
		};
		FA894EC62BB5C60F0050A840 /* Codex */ = {
			isa = PBXGroup;
			children = (
				FA894EC92BB5CD3A0050A840 /* CodexView.swift */,
			);
			path = Codex;
			sourceTree = "<group>";
		};
		FA894ECD2BB608590050A840 /* Codex */ = {
			isa = PBXGroup;
			children = (
				FA894ED12BB608970050A840 /* Weapons */,
				FA894ED02BB6088C0050A840 /* Warframes */,
			);
			path = Codex;
			sourceTree = "<group>";
		};
		FA894ECE2BB608670050A840 /* News */ = {
			isa = PBXGroup;
			children = (
			);
			path = News;
			sourceTree = "<group>";
		};
		FA894ECF2BB608750050A840 /* Home */ = {
			isa = PBXGroup;
			children = (
				FA894ED52BB608EC0050A840 /* Syndicates */,
				FA894ED42BB608E10050A840 /* Invasions */,
				FA894ED22BB608BB0050A840 /* WorldState */,
				FA894ED32BB608D10050A840 /* Fissures */,
			);
			path = Home;
			sourceTree = "<group>";
		};
		FA894ED02BB6088C0050A840 /* Warframes */ = {
			isa = PBXGroup;
			children = (
				FA9147BD2B8AA36C00244D88 /* Warframes.swift */,
			);
			path = Warframes;
			sourceTree = "<group>";
		};
		FA894ED12BB608970050A840 /* Weapons */ = {
			isa = PBXGroup;
			children = (
				FA9147B12B8941B600244D88 /* Weapons.swift */,
			);
			path = Weapons;
			sourceTree = "<group>";
		};
		FA894ED22BB608BB0050A840 /* WorldState */ = {
			isa = PBXGroup;
			children = (
				FA894EE62BB60E170050A840 /* Earth Cycle */,
				FA894EE12BB60B780050A840 /* Steel Path */,
				FA894EDB2BB609E50050A840 /* Void Trader */,
				FA894EDE2BB60A520050A840 /* Sortie */,
				FA894EDA2BB609780050A840 /* Alerts */,
				FA894ED92BB609690050A840 /* Arbitration */,
				FA894ED82BB609510050A840 /* Cambion Drift Cycle */,
				FA894ED72BB609360050A840 /* Orb Vallis Cycle */,
				FA894ED62BB6091E0050A840 /* CetusCycle */,
				FA894EFC2BBA16220050A840 /* WorldState.swift */,
				FA894EFE2BBB43FE0050A840 /* WorldStateCycles.swift */,
			);
			path = WorldState;
			sourceTree = "<group>";
		};
		FA894ED32BB608D10050A840 /* Fissures */ = {
			isa = PBXGroup;
			children = (
				FA3CDAED2BA24843007DECF5 /* Fissures.swift */,
			);
			path = Fissures;
			sourceTree = "<group>";
		};
		FA894ED42BB608E10050A840 /* Invasions */ = {
			isa = PBXGroup;
			children = (
			);
			path = Invasions;
			sourceTree = "<group>";
		};
		FA894ED52BB608EC0050A840 /* Syndicates */ = {
			isa = PBXGroup;
			children = (
			);
			path = Syndicates;
			sourceTree = "<group>";
		};
		FA894ED62BB6091E0050A840 /* CetusCycle */ = {
			isa = PBXGroup;
			children = (
				FA3CDAE22BA2232E007DECF5 /* CetusCycle.swift */,
			);
			path = CetusCycle;
			sourceTree = "<group>";
		};
		FA894ED72BB609360050A840 /* Orb Vallis Cycle */ = {
			isa = PBXGroup;
			children = (
				FA3CDAD42BA0B133007DECF5 /* Fortuna.swift */,
			);
			path = "Orb Vallis Cycle";
			sourceTree = "<group>";
		};
		FA894ED82BB609510050A840 /* Cambion Drift Cycle */ = {
			isa = PBXGroup;
			children = (
				FA3CDAD62BA0B172007DECF5 /* CambionDrift.swift */,
			);
			path = "Cambion Drift Cycle";
			sourceTree = "<group>";
		};
		FA894ED92BB609690050A840 /* Arbitration */ = {
			isa = PBXGroup;
			children = (
				FA3CDAD82BA0B1C9007DECF5 /* Arbitration.swift */,
			);
			path = Arbitration;
			sourceTree = "<group>";
		};
		FA894EDA2BB609780050A840 /* Alerts */ = {
			isa = PBXGroup;
			children = (
				FA3CDAD22BA0B125007DECF5 /* Alerts.swift */,
			);
			path = Alerts;
			sourceTree = "<group>";
		};
		FA894EDB2BB609E50050A840 /* Void Trader */ = {
			isa = PBXGroup;
			children = (
				FA894EDC2BB609F60050A840 /* Void Trader.swift */,
			);
			path = "Void Trader";
			sourceTree = "<group>";
		};
		FA894EDE2BB60A520050A840 /* Sortie */ = {
			isa = PBXGroup;
			children = (
				FA894EDF2BB60A5D0050A840 /* Sortie.swift */,
			);
			path = Sortie;
			sourceTree = "<group>";
		};
		FA894EE12BB60B780050A840 /* Steel Path */ = {
			isa = PBXGroup;
			children = (
				FA894EE22BB60B890050A840 /* Steel Path.swift */,
			);
			path = "Steel Path";
			sourceTree = "<group>";
		};
		FA894EE62BB60E170050A840 /* Earth Cycle */ = {
			isa = PBXGroup;
			children = (
				FA894EE72BB60E260050A840 /* EarthCycle.swift */,
			);
			path = "Earth Cycle";
			sourceTree = "<group>";
		};
		FA894EF12BB9E96F0050A840 /* Components */ = {
			isa = PBXGroup;
			children = (
				FA894EEF2BB88ECE0050A840 /* CountDownView.swift */,
				FA894EF22BB9E9870050A840 /* CustomTabBar.swift */,
				FA894EF42BB9F5850050A840 /* VoidTraderCountDownTimer.swift */,
				FA99AA3E2BC0A9CE000C46F3 /* TimeRemainingTimer(Days)View.swift */,
			);
			path = Components;
			sourceTree = "<group>";
		};
		FA894EF62BBA10E90050A840 /* Steel Path */ = {
			isa = PBXGroup;
			children = (
				FA894EFA2BBA113A0050A840 /* SteelPathView.swift */,
			);
			path = "Steel Path";
			sourceTree = "<group>";
		};
		FA894EF72BBA10EF0050A840 /* Sortie */ = {
			isa = PBXGroup;
			children = (
			);
			path = Sortie;
			sourceTree = "<group>";
		};
		FA894EF82BBA10FA0050A840 /* Void Trader */ = {
			isa = PBXGroup;
			children = (
				FA894ECB2BB5D5960050A840 /* Baro Ki'Teer View.swift */,
			);
			path = "Void Trader";
			sourceTree = "<group>";
		};
		FA894EF92BBA11230050A840 /* Earth Cycle */ = {
			isa = PBXGroup;
			children = (
				FA894F0B2BBC79C70050A840 /* EarthCycleView.swift */,
			);
			path = "Earth Cycle";
			sourceTree = "<group>";
		};
		FA894F002BBB5B3A0050A840 /* Arbitration */ = {
			isa = PBXGroup;
			children = (
				FA3CDADA2BA0C319007DECF5 /* ArbitrationView.swift */,
			);
			path = Arbitration;
			sourceTree = "<group>";
		};
		FA894F012BBB63BE0050A840 /* Events */ = {
			isa = PBXGroup;
			children = (
				FA894F032BBB63DB0050A840 /* EventsView.swift */,
			);
			path = Events;
			sourceTree = "<group>";
		};
		FA894F022BBB63C80050A840 /* Alerts */ = {
			isa = PBXGroup;
			children = (
				FA3CDACA2B9E3C8F007DECF5 /* AlertsView.swift */,
			);
			path = Alerts;
			sourceTree = "<group>";
		};
		FA894F052BBC6DA80050A840 /* Zariman */ = {
			isa = PBXGroup;
			children = (
				FA894F062BBC6DBD0050A840 /* ZarimanView.swift */,
			);
			path = Zariman;
			sourceTree = "<group>";
		};
		FA894F082BBC78710050A840 /* Duviri */ = {
			isa = PBXGroup;
			children = (
				FA894F092BBC787D0050A840 /* DuviriView.swift */,
			);
			path = Duviri;
			sourceTree = "<group>";
		};
		FA894F0D2BBC7ACE0050A840 /* ArchonHunt */ = {
			isa = PBXGroup;
			children = (
				FA894F0E2BBC7ADD0050A840 /* ArchonHuntView.swift */,
			);
			path = ArchonHunt;
			sourceTree = "<group>";
		};
		FA91478F2B7E7BF000244D88 = {
			isa = PBXGroup;
			children = (
				FA91479A2B7E7BF000244D88 /* Orokin Collective */,
				FA9147992B7E7BF000244D88 /* Products */,
			);
			sourceTree = "<group>";
		};
		FA9147992B7E7BF000244D88 /* Products */ = {
			isa = PBXGroup;
			children = (
				FA9147982B7E7BF000244D88 /* Orokin Collective.app */,
			);
			name = Products;
			sourceTree = "<group>";
		};
		FA91479A2B7E7BF000244D88 /* Orokin Collective */ = {
			isa = PBXGroup;
			children = (
				FA894EF12BB9E96F0050A840 /* Components */,
				FA3CDADD2BA0C954007DECF5 /* Services */,
				FA3CDADC2BA0C947007DECF5 /* Extenstions */,
				FA3CDAC02B9BDCF9007DECF5 /* Tests */,
				FA9147B72B89649800244D88 /* ViewModels */,
				FA9147B42B894F2B00244D88 /* Views */,
				FA9147AE2B826ACE00244D88 /* Orokin-Collective-Info.plist */,
				FA9147A92B7E9A8300244D88 /* Models */,
				FA91479B2B7E7BF000244D88 /* Orokin_CollectiveApp.swift */,
				FA91479D2B7E7BF000244D88 /* ContentView.swift */,
				FA91479F2B7E7BF100244D88 /* Assets.xcassets */,
				FA9147A12B7E7BF100244D88 /* Preview Content */,
			);
			path = "Orokin Collective";
			sourceTree = "<group>";
		};
		FA9147A12B7E7BF100244D88 /* Preview Content */ = {
			isa = PBXGroup;
			children = (
				FA9147A22B7E7BF100244D88 /* Preview Assets.xcassets */,
			);
			path = "Preview Content";
			sourceTree = "<group>";
		};
		FA9147A92B7E9A8300244D88 /* Models */ = {
			isa = PBXGroup;
			children = (
				FA894ECF2BB608750050A840 /* Home */,
				FA894ECE2BB608670050A840 /* News */,
				FA894ECD2BB608590050A840 /* Codex */,
				FA3CDABE2B976887007DECF5 /* FavoritesModel.swift */,
			);
			path = Models;
			sourceTree = "<group>";
		};
		FA9147B42B894F2B00244D88 /* Views */ = {
			isa = PBXGroup;
			children = (
				FA894EC62BB5C60F0050A840 /* Codex */,
				FA894EC52BB5C6080050A840 /* News */,
				FA996F152BB32C16002918EC /* Home */,
				FA3CDAC42B9E2EF5007DECF5 /* Warframes */,
				FA3CDAC32B9E2EE6007DECF5 /* Weapons */,
			);
			path = Views;
			sourceTree = "<group>";
		};
		FA9147B72B89649800244D88 /* ViewModels */ = {
			isa = PBXGroup;
			children = (
			);
			path = ViewModels;
			sourceTree = "<group>";
		};
		FA996F122BB32BC3002918EC /* Fissures */ = {
			isa = PBXGroup;
			children = (
				FA996F132BB32BF9002918EC /* FissuresView.swift */,
			);
			path = Fissures;
			sourceTree = "<group>";
		};
		FA996F152BB32C16002918EC /* Home */ = {
			isa = PBXGroup;
			children = (
				FA996F1C2BB32C81002918EC /* Timers */,
				FA996F172BB32C43002918EC /* Syndicates */,
				FA996F162BB32C34002918EC /* Invasions */,
				FA996F122BB32BC3002918EC /* Fissures */,
				FA3CDACC2BA0984D007DECF5 /* DashBoardView.swift */,
			);
			path = Home;
			sourceTree = "<group>";
		};
		FA996F162BB32C34002918EC /* Invasions */ = {
			isa = PBXGroup;
			children = (
				FA996F1A2BB32C68002918EC /* InvasionsView.swift */,
			);
			path = Invasions;
			sourceTree = "<group>";
		};
		FA996F172BB32C43002918EC /* Syndicates */ = {
			isa = PBXGroup;
			children = (
				FA996F182BB32C57002918EC /* SyndicatesView.swift */,
			);
			path = Syndicates;
			sourceTree = "<group>";
		};
		FA996F1C2BB32C81002918EC /* Timers */ = {
			isa = PBXGroup;
			children = (
				FA3CDAE62BA22DAD007DECF5 /* WorldState */,
				FA996F1D2BB32DE2002918EC /* TimersView.swift */,
			);
			path = Timers;
			sourceTree = "<group>";
		};
/* End PBXGroup section */

/* Begin PBXNativeTarget section */
		FA9147972B7E7BF000244D88 /* Orokin Collective */ = {
			isa = PBXNativeTarget;
			buildConfigurationList = FA9147A62B7E7BF100244D88 /* Build configuration list for PBXNativeTarget "Orokin Collective" */;
			buildPhases = (
				FA9147942B7E7BF000244D88 /* Sources */,
				FA9147952B7E7BF000244D88 /* Frameworks */,
				FA9147962B7E7BF000244D88 /* Resources */,
			);
			buildRules = (
			);
			dependencies = (
			);
			name = "Orokin Collective";
			packageProductDependencies = (
				FA3CDACF2BA0AD3F007DECF5 /* AlertToast */,
			);
			productName = "Orokin Collective";
			productReference = FA9147982B7E7BF000244D88 /* Orokin Collective.app */;
			productType = "com.apple.product-type.application";
		};
/* End PBXNativeTarget section */

/* Begin PBXProject section */
		FA9147902B7E7BF000244D88 /* Project object */ = {
			isa = PBXProject;
			attributes = {
				BuildIndependentTargetsInParallel = 1;
				LastSwiftUpdateCheck = 1520;
				LastUpgradeCheck = 1520;
				TargetAttributes = {
					FA9147972B7E7BF000244D88 = {
						CreatedOnToolsVersion = 15.2;
					};
				};
			};
			buildConfigurationList = FA9147932B7E7BF000244D88 /* Build configuration list for PBXProject "Orokin Collective" */;
			compatibilityVersion = "Xcode 14.0";
			developmentRegion = en;
			hasScannedForEncodings = 0;
			knownRegions = (
				en,
				Base,
			);
			mainGroup = FA91478F2B7E7BF000244D88;
			packageReferences = (
				FA3CDACE2BA0AD3F007DECF5 /* XCRemoteSwiftPackageReference "AlertToast" */,
			);
			productRefGroup = FA9147992B7E7BF000244D88 /* Products */;
			projectDirPath = "";
			projectRoot = "";
			targets = (
				FA9147972B7E7BF000244D88 /* Orokin Collective */,
			);
		};
/* End PBXProject section */

/* Begin PBXResourcesBuildPhase section */
		FA9147962B7E7BF000244D88 /* Resources */ = {
			isa = PBXResourcesBuildPhase;
			buildActionMask = 2147483647;
			files = (
				FA9147A32B7E7BF100244D88 /* Preview Assets.xcassets in Resources */,
				FA9147A02B7E7BF100244D88 /* Assets.xcassets in Resources */,
			);
			runOnlyForDeploymentPostprocessing = 0;
		};
/* End PBXResourcesBuildPhase section */

/* Begin PBXSourcesBuildPhase section */
		FA9147942B7E7BF000244D88 /* Sources */ = {
			isa = PBXSourcesBuildPhase;
			buildActionMask = 2147483647;
			files = (
				FA3CDAC22B9BDD09007DECF5 /* TestingFile.swift in Sources */,
				FA894EC82BB5CD330050A840 /* NewsView.swift in Sources */,
				FA894EFB2BBA113A0050A840 /* SteelPathView.swift in Sources */,
				FA3CDAE32BA2232E007DECF5 /* CetusCycle.swift in Sources */,
				FA996F142BB32BF9002918EC /* FissuresView.swift in Sources */,
				FA996F192BB32C57002918EC /* SyndicatesView.swift in Sources */,
				FA894F0C2BBC79C70050A840 /* EarthCycleView.swift in Sources */,
				FA3CDAD32BA0B125007DECF5 /* Alerts.swift in Sources */,
				FA9147B62B894F4A00244D88 /* WeaponView.swift in Sources */,
				FA894F072BBC6DBD0050A840 /* ZarimanView.swift in Sources */,
				FA3CDAD92BA0B1C9007DECF5 /* Arbitration.swift in Sources */,
				FA996F1B2BB32C68002918EC /* InvasionsView.swift in Sources */,
				FA894F0A2BBC787D0050A840 /* DuviriView.swift in Sources */,
				FA996F1E2BB32DE2002918EC /* TimersView.swift in Sources */,
				FA3CDAF02BA256A4007DECF5 /* CetusCycleView.swift in Sources */,
				FA3CDAF42BA26448007DECF5 /* CambionCycleView.swift in Sources */,
				FA3CDACD2BA0984D007DECF5 /* DashBoardView.swift in Sources */,
				FA894EE52BB60BB60050A840 /* JSONAnyService.swift in Sources */,
				FA9147BE2B8AA36C00244D88 /* Warframes.swift in Sources */,
				FA894EF32BB9E9870050A840 /* CustomTabBar.swift in Sources */,
				FA894EE02BB60A5D0050A840 /* Sortie.swift in Sources */,
				FA894EFF2BBB43FE0050A840 /* WorldStateCycles.swift in Sources */,
				FA91479E2B7E7BF000244D88 /* ContentView.swift in Sources */,
				FA894F042BBB63DB0050A840 /* EventsView.swift in Sources */,
				FA3CDAD72BA0B172007DECF5 /* CambionDrift.swift in Sources */,
				FA3CDAD52BA0B133007DECF5 /* Fortuna.swift in Sources */,
				FA894ECC2BB5D5960050A840 /* Baro Ki'Teer View.swift in Sources */,
				FA894EE32BB60B890050A840 /* Steel Path.swift in Sources */,
				FA3CDADF2BA0C974007DECF5 /* URLExtenstion.swift in Sources */,
				FA894EF02BB88ECE0050A840 /* CountDownView.swift in Sources */,
				FA3CDAEE2BA24843007DECF5 /* Fissures.swift in Sources */,
				FA3CDADB2BA0C319007DECF5 /* ArbitrationView.swift in Sources */,
				FA3CDAF22BA25FBD007DECF5 /* OrbVallisCycleView.swift in Sources */,
				FA9147B22B8941B600244D88 /* Weapons.swift in Sources */,
				FA3CDACB2B9E3C8F007DECF5 /* AlertsView.swift in Sources */,
				FA3CDABF2B976887007DECF5 /* FavoritesModel.swift in Sources */,
				FA99AA3F2BC0A9CE000C46F3 /* TimeRemainingTimer(Days)View.swift in Sources */,
				FA894EF52BB9F5850050A840 /* VoidTraderCountDownTimer.swift in Sources */,
				FA894EDD2BB609F60050A840 /* Void Trader.swift in Sources */,
				FA9147BC2B89697900244D88 /* WeaponsListView.swift in Sources */,
				FA894ECA2BB5CD3A0050A840 /* CodexView.swift in Sources */,
				FA894EE82BB60E260050A840 /* EarthCycle.swift in Sources */,
				FA91479C2B7E7BF000244D88 /* Orokin_CollectiveApp.swift in Sources */,
				FA894EFD2BBA16220050A840 /* WorldState.swift in Sources */,
				FA3CDAC82B9E2F10007DECF5 /* WarframeView.swift in Sources */,
				FA3CDAC62B9E2F01007DECF5 /* WarframeListView.swift in Sources */,
				FA9147B02B893A5F00244D88 /* NetworkCall.swift in Sources */,
				FA894F0F2BBC7ADD0050A840 /* ArchonHuntView.swift in Sources */,
			);
			runOnlyForDeploymentPostprocessing = 0;
		};
/* End PBXSourcesBuildPhase section */

/* Begin XCBuildConfiguration section */
		FA9147A42B7E7BF100244D88 /* Debug */ = {
			isa = XCBuildConfiguration;
			buildSettings = {
				ALWAYS_SEARCH_USER_PATHS = NO;
				ASSETCATALOG_COMPILER_GENERATE_SWIFT_ASSET_SYMBOL_EXTENSIONS = YES;
				CLANG_ANALYZER_NONNULL = YES;
				CLANG_ANALYZER_NUMBER_OBJECT_CONVERSION = YES_AGGRESSIVE;
				CLANG_CXX_LANGUAGE_STANDARD = "gnu++20";
				CLANG_ENABLE_MODULES = YES;
				CLANG_ENABLE_OBJC_ARC = YES;
				CLANG_ENABLE_OBJC_WEAK = YES;
				CLANG_WARN_BLOCK_CAPTURE_AUTORELEASING = YES;
				CLANG_WARN_BOOL_CONVERSION = YES;
				CLANG_WARN_COMMA = YES;
				CLANG_WARN_CONSTANT_CONVERSION = YES;
				CLANG_WARN_DEPRECATED_OBJC_IMPLEMENTATIONS = YES;
				CLANG_WARN_DIRECT_OBJC_ISA_USAGE = YES_ERROR;
				CLANG_WARN_DOCUMENTATION_COMMENTS = YES;
				CLANG_WARN_EMPTY_BODY = YES;
				CLANG_WARN_ENUM_CONVERSION = YES;
				CLANG_WARN_INFINITE_RECURSION = YES;
				CLANG_WARN_INT_CONVERSION = YES;
				CLANG_WARN_NON_LITERAL_NULL_CONVERSION = YES;
				CLANG_WARN_OBJC_IMPLICIT_RETAIN_SELF = YES;
				CLANG_WARN_OBJC_LITERAL_CONVERSION = YES;
				CLANG_WARN_OBJC_ROOT_CLASS = YES_ERROR;
				CLANG_WARN_QUOTED_INCLUDE_IN_FRAMEWORK_HEADER = YES;
				CLANG_WARN_RANGE_LOOP_ANALYSIS = YES;
				CLANG_WARN_STRICT_PROTOTYPES = YES;
				CLANG_WARN_SUSPICIOUS_MOVE = YES;
				CLANG_WARN_UNGUARDED_AVAILABILITY = YES_AGGRESSIVE;
				CLANG_WARN_UNREACHABLE_CODE = YES;
				CLANG_WARN__DUPLICATE_METHOD_MATCH = YES;
				COPY_PHASE_STRIP = NO;
				DEBUG_INFORMATION_FORMAT = dwarf;
				ENABLE_STRICT_OBJC_MSGSEND = YES;
				ENABLE_TESTABILITY = YES;
				ENABLE_USER_SCRIPT_SANDBOXING = YES;
				GCC_C_LANGUAGE_STANDARD = gnu17;
				GCC_DYNAMIC_NO_PIC = NO;
				GCC_NO_COMMON_BLOCKS = YES;
				GCC_OPTIMIZATION_LEVEL = 0;
				GCC_PREPROCESSOR_DEFINITIONS = (
					"DEBUG=1",
					"$(inherited)",
				);
				GCC_WARN_64_TO_32_BIT_CONVERSION = YES;
				GCC_WARN_ABOUT_RETURN_TYPE = YES_ERROR;
				GCC_WARN_UNDECLARED_SELECTOR = YES;
				GCC_WARN_UNINITIALIZED_AUTOS = YES_AGGRESSIVE;
				GCC_WARN_UNUSED_FUNCTION = YES;
				GCC_WARN_UNUSED_VARIABLE = YES;
				IPHONEOS_DEPLOYMENT_TARGET = 17.2;
				LOCALIZATION_PREFERS_STRING_CATALOGS = YES;
				MTL_ENABLE_DEBUG_INFO = INCLUDE_SOURCE;
				MTL_FAST_MATH = YES;
				ONLY_ACTIVE_ARCH = YES;
				SDKROOT = iphoneos;
				SWIFT_ACTIVE_COMPILATION_CONDITIONS = "DEBUG $(inherited)";
				SWIFT_OPTIMIZATION_LEVEL = "-Onone";
			};
			name = Debug;
		};
		FA9147A52B7E7BF100244D88 /* Release */ = {
			isa = XCBuildConfiguration;
			buildSettings = {
				ALWAYS_SEARCH_USER_PATHS = NO;
				ASSETCATALOG_COMPILER_GENERATE_SWIFT_ASSET_SYMBOL_EXTENSIONS = YES;
				CLANG_ANALYZER_NONNULL = YES;
				CLANG_ANALYZER_NUMBER_OBJECT_CONVERSION = YES_AGGRESSIVE;
				CLANG_CXX_LANGUAGE_STANDARD = "gnu++20";
				CLANG_ENABLE_MODULES = YES;
				CLANG_ENABLE_OBJC_ARC = YES;
				CLANG_ENABLE_OBJC_WEAK = YES;
				CLANG_WARN_BLOCK_CAPTURE_AUTORELEASING = YES;
				CLANG_WARN_BOOL_CONVERSION = YES;
				CLANG_WARN_COMMA = YES;
				CLANG_WARN_CONSTANT_CONVERSION = YES;
				CLANG_WARN_DEPRECATED_OBJC_IMPLEMENTATIONS = YES;
				CLANG_WARN_DIRECT_OBJC_ISA_USAGE = YES_ERROR;
				CLANG_WARN_DOCUMENTATION_COMMENTS = YES;
				CLANG_WARN_EMPTY_BODY = YES;
				CLANG_WARN_ENUM_CONVERSION = YES;
				CLANG_WARN_INFINITE_RECURSION = YES;
				CLANG_WARN_INT_CONVERSION = YES;
				CLANG_WARN_NON_LITERAL_NULL_CONVERSION = YES;
				CLANG_WARN_OBJC_IMPLICIT_RETAIN_SELF = YES;
				CLANG_WARN_OBJC_LITERAL_CONVERSION = YES;
				CLANG_WARN_OBJC_ROOT_CLASS = YES_ERROR;
				CLANG_WARN_QUOTED_INCLUDE_IN_FRAMEWORK_HEADER = YES;
				CLANG_WARN_RANGE_LOOP_ANALYSIS = YES;
				CLANG_WARN_STRICT_PROTOTYPES = YES;
				CLANG_WARN_SUSPICIOUS_MOVE = YES;
				CLANG_WARN_UNGUARDED_AVAILABILITY = YES_AGGRESSIVE;
				CLANG_WARN_UNREACHABLE_CODE = YES;
				CLANG_WARN__DUPLICATE_METHOD_MATCH = YES;
				COPY_PHASE_STRIP = NO;
				DEBUG_INFORMATION_FORMAT = "dwarf-with-dsym";
				ENABLE_NS_ASSERTIONS = NO;
				ENABLE_STRICT_OBJC_MSGSEND = YES;
				ENABLE_USER_SCRIPT_SANDBOXING = YES;
				GCC_C_LANGUAGE_STANDARD = gnu17;
				GCC_NO_COMMON_BLOCKS = YES;
				GCC_WARN_64_TO_32_BIT_CONVERSION = YES;
				GCC_WARN_ABOUT_RETURN_TYPE = YES_ERROR;
				GCC_WARN_UNDECLARED_SELECTOR = YES;
				GCC_WARN_UNINITIALIZED_AUTOS = YES_AGGRESSIVE;
				GCC_WARN_UNUSED_FUNCTION = YES;
				GCC_WARN_UNUSED_VARIABLE = YES;
				IPHONEOS_DEPLOYMENT_TARGET = 17.2;
				LOCALIZATION_PREFERS_STRING_CATALOGS = YES;
				MTL_ENABLE_DEBUG_INFO = NO;
				MTL_FAST_MATH = YES;
				SDKROOT = iphoneos;
				SWIFT_COMPILATION_MODE = wholemodule;
				VALIDATE_PRODUCT = YES;
			};
			name = Release;
		};
		FA9147A72B7E7BF100244D88 /* Debug */ = {
			isa = XCBuildConfiguration;
			buildSettings = {
				ASSETCATALOG_COMPILER_APPICON_NAME = AppIcon;
				ASSETCATALOG_COMPILER_GLOBAL_ACCENT_COLOR_NAME = AccentColor;
				CODE_SIGN_STYLE = Automatic;
				CURRENT_PROJECT_VERSION = 1;
				DEVELOPMENT_ASSET_PATHS = "\"Orokin Collective/Preview Content\"";
				DEVELOPMENT_TEAM = 488D86WNW2;
				ENABLE_PREVIEWS = YES;
				GENERATE_INFOPLIST_FILE = YES;
				INFOPLIST_FILE = "Orokin-Collective-Info.plist";
				INFOPLIST_KEY_UIApplicationSceneManifest_Generation = YES;
				INFOPLIST_KEY_UIApplicationSupportsIndirectInputEvents = YES;
				INFOPLIST_KEY_UILaunchScreen_Generation = YES;
				INFOPLIST_KEY_UISupportedInterfaceOrientations_iPad = "UIInterfaceOrientationPortrait UIInterfaceOrientationPortraitUpsideDown UIInterfaceOrientationLandscapeLeft UIInterfaceOrientationLandscapeRight";
				INFOPLIST_KEY_UISupportedInterfaceOrientations_iPhone = "UIInterfaceOrientationPortrait UIInterfaceOrientationLandscapeLeft UIInterfaceOrientationLandscapeRight";
				LD_RUNPATH_SEARCH_PATHS = (
					"$(inherited)",
					"@executable_path/Frameworks",
				);
				MARKETING_VERSION = 1.0;
				PRODUCT_BUNDLE_IDENTIFIER = "bradleeking.Orokin-Collective";
				PRODUCT_NAME = "$(TARGET_NAME)";
				SWIFT_EMIT_LOC_STRINGS = YES;
				SWIFT_VERSION = 5.0;
				TARGETED_DEVICE_FAMILY = "1,2";
			};
			name = Debug;
		};
		FA9147A82B7E7BF100244D88 /* Release */ = {
			isa = XCBuildConfiguration;
			buildSettings = {
				ASSETCATALOG_COMPILER_APPICON_NAME = AppIcon;
				ASSETCATALOG_COMPILER_GLOBAL_ACCENT_COLOR_NAME = AccentColor;
				CODE_SIGN_STYLE = Automatic;
				CURRENT_PROJECT_VERSION = 1;
				DEVELOPMENT_ASSET_PATHS = "\"Orokin Collective/Preview Content\"";
				DEVELOPMENT_TEAM = 488D86WNW2;
				ENABLE_PREVIEWS = YES;
				GENERATE_INFOPLIST_FILE = YES;
				INFOPLIST_FILE = "Orokin-Collective-Info.plist";
				INFOPLIST_KEY_UIApplicationSceneManifest_Generation = YES;
				INFOPLIST_KEY_UIApplicationSupportsIndirectInputEvents = YES;
				INFOPLIST_KEY_UILaunchScreen_Generation = YES;
				INFOPLIST_KEY_UISupportedInterfaceOrientations_iPad = "UIInterfaceOrientationPortrait UIInterfaceOrientationPortraitUpsideDown UIInterfaceOrientationLandscapeLeft UIInterfaceOrientationLandscapeRight";
				INFOPLIST_KEY_UISupportedInterfaceOrientations_iPhone = "UIInterfaceOrientationPortrait UIInterfaceOrientationLandscapeLeft UIInterfaceOrientationLandscapeRight";
				LD_RUNPATH_SEARCH_PATHS = (
					"$(inherited)",
					"@executable_path/Frameworks",
				);
				MARKETING_VERSION = 1.0;
				PRODUCT_BUNDLE_IDENTIFIER = "bradleeking.Orokin-Collective";
				PRODUCT_NAME = "$(TARGET_NAME)";
				SWIFT_EMIT_LOC_STRINGS = YES;
				SWIFT_VERSION = 5.0;
				TARGETED_DEVICE_FAMILY = "1,2";
			};
			name = Release;
		};
/* End XCBuildConfiguration section */

/* Begin XCConfigurationList section */
		FA9147932B7E7BF000244D88 /* Build configuration list for PBXProject "Orokin Collective" */ = {
			isa = XCConfigurationList;
			buildConfigurations = (
				FA9147A42B7E7BF100244D88 /* Debug */,
				FA9147A52B7E7BF100244D88 /* Release */,
			);
			defaultConfigurationIsVisible = 0;
			defaultConfigurationName = Release;
		};
		FA9147A62B7E7BF100244D88 /* Build configuration list for PBXNativeTarget "Orokin Collective" */ = {
			isa = XCConfigurationList;
			buildConfigurations = (
				FA9147A72B7E7BF100244D88 /* Debug */,
				FA9147A82B7E7BF100244D88 /* Release */,
			);
			defaultConfigurationIsVisible = 0;
			defaultConfigurationName = Release;
		};
/* End XCConfigurationList section */

/* Begin XCRemoteSwiftPackageReference section */
		FA3CDACE2BA0AD3F007DECF5 /* XCRemoteSwiftPackageReference "AlertToast" */ = {
			isa = XCRemoteSwiftPackageReference;
			repositoryURL = "https://github.com/elai950/AlertToast.git";
			requirement = {
				kind = upToNextMajorVersion;
				minimumVersion = 1.3.9;
			};
		};
/* End XCRemoteSwiftPackageReference section */

/* Begin XCSwiftPackageProductDependency section */
		FA3CDACF2BA0AD3F007DECF5 /* AlertToast */ = {
			isa = XCSwiftPackageProductDependency;
			package = FA3CDACE2BA0AD3F007DECF5 /* XCRemoteSwiftPackageReference "AlertToast" */;
			productName = AlertToast;
		};
/* End XCSwiftPackageProductDependency section */
	};
	rootObject = FA9147902B7E7BF000244D88 /* Project object */;
}
